Microsoft Visual Studio Solution File, Format Version 12.00
# Visual Studio Version 17
VisualStudioVersion = 17.5.2.0
MinimumVisualStudioVersion = 10.0.40219.1
Project("{FAE04EC0-301F-11D3-BF4B-00C04F79EFBC}") = "sw-game-dotnet", "sw-game-dotnet\sw-game-dotnet.csproj", "{A7216E4B-31CA-786B-E9D0-8B4F1394AE02}"
EndProject
Global
	GlobalSection(SolutionConfigurationPlatforms) = preSolution
		Debug|Any CPU = Debug|Any CPU
		Release|Any CPU = Release|Any CPU
	EndGlobalSection
	GlobalSection(ProjectConfigurationPlatforms) = postSolution
		{A7216E4B-31CA-786B-E9D0-8B4F1394AE02}.Debug|Any CPU.ActiveCfg = Debug|Any CPU
		{A7216E4B-31CA-786B-E9D0-8B4F1394AE02}.Debug|Any CPU.Build.0 = Debug|Any CPU
		{A7216E4B-31CA-786B-E9D0-8B4F1394AE02}.Release|Any CPU.ActiveCfg = Release|Any CPU
		{A7216E4B-31CA-786B-E9D0-8B4F1394AE02}.Release|Any CPU.Build.0 = Release|Any CPU
	EndGlobalSection
	GlobalSection(SolutionProperties) = preSolution
		HideSolutionNode = FALSE
	EndGlobalSection
	GlobalSection(ExtensibilityGlobals) = postSolution
		SolutionGuid = {31602FB0-A5B5-4CE3-8D3B-2B22F1C13229}
	EndGlobalSection
EndGlobal
